// !$*UTF8*$!
{
	archiveVersion = 1;
	classes = {
	};
	objectVersion = 55;
	objects = {

/* Begin PBXBuildFile section */
		F832073927F2084A00A230CC /* AppDelegate.swift in Sources */ = {isa = PBXBuildFile; fileRef = F832073827F2084A00A230CC /* AppDelegate.swift */; };
		F832073B27F2084A00A230CC /* SceneDelegate.swift in Sources */ = {isa = PBXBuildFile; fileRef = F832073A27F2084A00A230CC /* SceneDelegate.swift */; };
		F832074027F2084A00A230CC /* Main.storyboard in Resources */ = {isa = PBXBuildFile; fileRef = F832073E27F2084A00A230CC /* Main.storyboard */; };
		F832074227F2084B00A230CC /* Assets.xcassets in Resources */ = {isa = PBXBuildFile; fileRef = F832074127F2084B00A230CC /* Assets.xcassets */; };
		F832074527F2084B00A230CC /* LaunchScreen.storyboard in Resources */ = {isa = PBXBuildFile; fileRef = F832074327F2084B00A230CC /* LaunchScreen.storyboard */; };
		F832075127F2243B00A230CC /* MedicationListViewController.swift in Sources */ = {isa = PBXBuildFile; fileRef = F832075027F2243B00A230CC /* MedicationListViewController.swift */; };
		F832075327F2244C00A230CC /* MedicationDetailViewController.swift in Sources */ = {isa = PBXBuildFile; fileRef = F832075227F2244C00A230CC /* MedicationDetailViewController.swift */; };
		F832075B27F228A400A230CC /* MedicationTableViewCell.swift in Sources */ = {isa = PBXBuildFile; fileRef = F832075A27F228A400A230CC /* MedicationTableViewCell.swift */; };
		F832075D27F22A7600A230CC /* MedicationController.swift in Sources */ = {isa = PBXBuildFile; fileRef = F832075C27F22A7600A230CC /* MedicationController.swift */; };
		F832076027F22CF000A230CC /* MedicationModel.xcdatamodeld in Sources */ = {isa = PBXBuildFile; fileRef = F832075E27F22CF000A230CC /* MedicationModel.xcdatamodeld */; };
		F832076227F23E0000A230CC /* CoreDataStack.swift in Sources */ = {isa = PBXBuildFile; fileRef = F832076127F23E0000A230CC /* CoreDataStack.swift */; };
		F832076427F23F7B00A230CC /* Medication.swift in Sources */ = {isa = PBXBuildFile; fileRef = F832076327F23F7B00A230CC /* Medication.swift */; };
		F8EB0D9127F359C30002C9BD /* TakenDate.swift in Sources */ = {isa = PBXBuildFile; fileRef = F8EB0D9027F359C30002C9BD /* TakenDate.swift */; };
/* End PBXBuildFile section */

/* Begin PBXFileReference section */
		F832073527F2084A00A230CC /* MedicationManager.app */ = {isa = PBXFileReference; explicitFileType = wrapper.application; includeInIndex = 0; path = MedicationManager.app; sourceTree = BUILT_PRODUCTS_DIR; };
		F832073827F2084A00A230CC /* AppDelegate.swift */ = {isa = PBXFileReference; lastKnownFileType = sourcecode.swift; path = AppDelegate.swift; sourceTree = "<group>"; };
		F832073A27F2084A00A230CC /* SceneDelegate.swift */ = {isa = PBXFileReference; lastKnownFileType = sourcecode.swift; path = SceneDelegate.swift; sourceTree = "<group>"; };
		F832073F27F2084A00A230CC /* Base */ = {isa = PBXFileReference; lastKnownFileType = file.storyboard; name = Base; path = Base.lproj/Main.storyboard; sourceTree = "<group>"; };
		F832074127F2084B00A230CC /* Assets.xcassets */ = {isa = PBXFileReference; lastKnownFileType = folder.assetcatalog; path = Assets.xcassets; sourceTree = "<group>"; };
		F832074427F2084B00A230CC /* Base */ = {isa = PBXFileReference; lastKnownFileType = file.storyboard; name = Base; path = Base.lproj/LaunchScreen.storyboard; sourceTree = "<group>"; };
		F832074627F2084B00A230CC /* Info.plist */ = {isa = PBXFileReference; lastKnownFileType = text.plist.xml; path = Info.plist; sourceTree = "<group>"; };
		F832075027F2243B00A230CC /* MedicationListViewController.swift */ = {isa = PBXFileReference; lastKnownFileType = sourcecode.swift; name = MedicationListViewController.swift; path = MedicationManager/MedicationListViewController.swift; sourceTree = SOURCE_ROOT; };
		F832075227F2244C00A230CC /* MedicationDetailViewController.swift */ = {isa = PBXFileReference; lastKnownFileType = sourcecode.swift; path = MedicationDetailViewController.swift; sourceTree = "<group>"; };
		F832075A27F228A400A230CC /* MedicationTableViewCell.swift */ = {isa = PBXFileReference; lastKnownFileType = sourcecode.swift; path = MedicationTableViewCell.swift; sourceTree = "<group>"; };
		F832075C27F22A7600A230CC /* MedicationController.swift */ = {isa = PBXFileReference; lastKnownFileType = sourcecode.swift; path = MedicationController.swift; sourceTree = "<group>"; };
		F832075F27F22CF000A230CC /* MedicationModel.xcdatamodel */ = {isa = PBXFileReference; lastKnownFileType = wrapper.xcdatamodel; path = MedicationModel.xcdatamodel; sourceTree = "<group>"; };
		F832076127F23E0000A230CC /* CoreDataStack.swift */ = {isa = PBXFileReference; lastKnownFileType = sourcecode.swift; path = CoreDataStack.swift; sourceTree = "<group>"; };
		F832076327F23F7B00A230CC /* Medication.swift */ = {isa = PBXFileReference; lastKnownFileType = sourcecode.swift; path = Medication.swift; sourceTree = "<group>"; };
		F8EB0D9027F359C30002C9BD /* TakenDate.swift */ = {isa = PBXFileReference; lastKnownFileType = sourcecode.swift; path = TakenDate.swift; sourceTree = "<group>"; };
/* End PBXFileReference section */

/* Begin PBXFrameworksBuildPhase section */
		F832073227F2084A00A230CC /* Frameworks */ = {
			isa = PBXFrameworksBuildPhase;
			buildActionMask = 2147483647;
			files = (
			);
			runOnlyForDeploymentPostprocessing = 0;
		};
/* End PBXFrameworksBuildPhase section */

/* Begin PBXGroup section */
		F832072C27F2084A00A230CC = {
			isa = PBXGroup;
			children = (
				F832073727F2084A00A230CC /* MedicationManager */,
				F832073627F2084A00A230CC /* Products */,
			);
			sourceTree = "<group>";
		};
		F832073627F2084A00A230CC /* Products */ = {
			isa = PBXGroup;
			children = (
				F832073527F2084A00A230CC /* MedicationManager.app */,
			);
			name = Products;
			sourceTree = "<group>";
		};
		F832073727F2084A00A230CC /* MedicationManager */ = {
			isa = PBXGroup;
			children = (
				F832074F27F20AEB00A230CC /* Model */,
				F832074E27F20ABB00A230CC /* ViewControllers */,
				F832074C27F20A9B00A230CC /* Storyboards & Views */,
				F832074D27F20AAA00A230CC /* Resources */,
			);
			path = MedicationManager;
			sourceTree = "<group>";
		};
		F832074C27F20A9B00A230CC /* Storyboards & Views */ = {
			isa = PBXGroup;
			children = (
				F832075A27F228A400A230CC /* MedicationTableViewCell.swift */,
				F832073E27F2084A00A230CC /* Main.storyboard */,
				F832074327F2084B00A230CC /* LaunchScreen.storyboard */,
			);
			path = "Storyboards & Views";
			sourceTree = "<group>";
		};
		F832074D27F20AAA00A230CC /* Resources */ = {
			isa = PBXGroup;
			children = (
				F832073827F2084A00A230CC /* AppDelegate.swift */,
				F832073A27F2084A00A230CC /* SceneDelegate.swift */,
				F832074127F2084B00A230CC /* Assets.xcassets */,
				F832074627F2084B00A230CC /* Info.plist */,
			);
			path = Resources;
			sourceTree = "<group>";
		};
		F832074E27F20ABB00A230CC /* ViewControllers */ = {
			isa = PBXGroup;
			children = (
				F832075227F2244C00A230CC /* MedicationDetailViewController.swift */,
				F832075027F2243B00A230CC /* MedicationListViewController.swift */,
			);
			path = ViewControllers;
			sourceTree = "<group>";
		};
		F832074F27F20AEB00A230CC /* Model */ = {
			isa = PBXGroup;
			children = (
				F832076127F23E0000A230CC /* CoreDataStack.swift */,
				F832076327F23F7B00A230CC /* Medication.swift */,
				F832075C27F22A7600A230CC /* MedicationController.swift */,
				F832075E27F22CF000A230CC /* MedicationModel.xcdatamodeld */,
				F8EB0D9027F359C30002C9BD /* TakenDate.swift */,
			);
			path = Model;
			sourceTree = "<group>";
		};
/* End PBXGroup section */

/* Begin PBXNativeTarget section */
		F832073427F2084A00A230CC /* MedicationManager */ = {
			isa = PBXNativeTarget;
			buildConfigurationList = F832074927F2084B00A230CC /* Build configuration list for PBXNativeTarget "MedicationManager" */;
			buildPhases = (
				F832073127F2084A00A230CC /* Sources */,
				F832073227F2084A00A230CC /* Frameworks */,
				F832073327F2084A00A230CC /* Resources */,
			);
			buildRules = (
			);
			dependencies = (
			);
			name = MedicationManager;
			productName = MedicationManager;
			productReference = F832073527F2084A00A230CC /* MedicationManager.app */;
			productType = "com.apple.product-type.application";
		};
/* End PBXNativeTarget section */

/* Begin PBXProject section */
		F832072D27F2084A00A230CC /* Project object */ = {
			isa = PBXProject;
			attributes = {
				BuildIndependentTargetsInParallel = 1;
				LastSwiftUpdateCheck = 1330;
				LastUpgradeCheck = 1330;
				TargetAttributes = {
					F832073427F2084A00A230CC = {
						CreatedOnToolsVersion = 13.3;
					};
				};
			};
			buildConfigurationList = F832073027F2084A00A230CC /* Build configuration list for PBXProject "MedicationManager" */;
			compatibilityVersion = "Xcode 13.0";
			developmentRegion = en;
			hasScannedForEncodings = 0;
			knownRegions = (
				en,
				Base,
			);
			mainGroup = F832072C27F2084A00A230CC;
			productRefGroup = F832073627F2084A00A230CC /* Products */;
			projectDirPath = "";
			projectRoot = "";
			targets = (
				F832073427F2084A00A230CC /* MedicationManager */,
			);
		};
/* End PBXProject section */

/* Begin PBXResourcesBuildPhase section */
		F832073327F2084A00A230CC /* Resources */ = {
			isa = PBXResourcesBuildPhase;
			buildActionMask = 2147483647;
			files = (
				F832074527F2084B00A230CC /* LaunchScreen.storyboard in Resources */,
				F832074227F2084B00A230CC /* Assets.xcassets in Resources */,
				F832074027F2084A00A230CC /* Main.storyboard in Resources */,
			);
			runOnlyForDeploymentPostprocessing = 0;
		};
/* End PBXResourcesBuildPhase section */

/* Begin PBXSourcesBuildPhase section */
		F832073127F2084A00A230CC /* Sources */ = {
			isa = PBXSourcesBuildPhase;
			buildActionMask = 2147483647;
			files = (
				F832073927F2084A00A230CC /* AppDelegate.swift in Sources */,
				F832076027F22CF000A230CC /* MedicationModel.xcdatamodeld in Sources */,
				F832073B27F2084A00A230CC /* SceneDelegate.swift in Sources */,
				F8EB0D9127F359C30002C9BD /* TakenDate.swift in Sources */,
				F832075D27F22A7600A230CC /* MedicationController.swift in Sources */,
				F832075327F2244C00A230CC /* MedicationDetailViewController.swift in Sources */,
				F832075127F2243B00A230CC /* MedicationListViewController.swift in Sources */,
				F832076427F23F7B00A230CC /* Medication.swift in Sources */,
				F832075B27F228A400A230CC /* MedicationTableViewCell.swift in Sources */,
				F832076227F23E0000A230CC /* CoreDataStack.swift in Sources */,
			);
			runOnlyForDeploymentPostprocessing = 0;
		};
/* End PBXSourcesBuildPhase section */

/* Begin PBXVariantGroup section */
		F832073E27F2084A00A230CC /* Main.storyboard */ = {
			isa = PBXVariantGroup;
			children = (
				F832073F27F2084A00A230CC /* Base */,
			);
			name = Main.storyboard;
			sourceTree = "<group>";
		};
		F832074327F2084B00A230CC /* LaunchScreen.storyboard */ = {
			isa = PBXVariantGroup;
			children = (
				F832074427F2084B00A230CC /* Base */,
			);
			name = LaunchScreen.storyboard;
			sourceTree = "<group>";
		};
/* End PBXVariantGroup section */

/* Begin XCBuildConfiguration section */
		F832074727F2084B00A230CC /* Debug */ = {
			isa = XCBuildConfiguration;
			buildSettings = {
				ALWAYS_SEARCH_USER_PATHS = NO;
				CLANG_ANALYZER_NONNULL = YES;
				CLANG_ANALYZER_NUMBER_OBJECT_CONVERSION = YES_AGGRESSIVE;
				CLANG_CXX_LANGUAGE_STANDARD = "gnu++17";
				CLANG_ENABLE_MODULES = YES;
				CLANG_ENABLE_OBJC_ARC = YES;
				CLANG_ENABLE_OBJC_WEAK = YES;
				CLANG_WARN_BLOCK_CAPTURE_AUTORELEASING = YES;
				CLANG_WARN_BOOL_CONVERSION = YES;
				CLANG_WARN_COMMA = YES;
				CLANG_WARN_CONSTANT_CONVERSION = YES;
				CLANG_WARN_DEPRECATED_OBJC_IMPLEMENTATIONS = YES;
				CLANG_WARN_DIRECT_OBJC_ISA_USAGE = YES_ERROR;
				CLANG_WARN_DOCUMENTATION_COMMENTS = YES;
				CLANG_WARN_EMPTY_BODY = YES;
				CLANG_WARN_ENUM_CONVERSION = YES;
				CLANG_WARN_INFINITE_RECURSION = YES;
				CLANG_WARN_INT_CONVERSION = YES;
				CLANG_WARN_NON_LITERAL_NULL_CONVERSION = YES;
				CLANG_WARN_OBJC_IMPLICIT_RETAIN_SELF = YES;
				CLANG_WARN_OBJC_LITERAL_CONVERSION = YES;
				CLANG_WARN_OBJC_ROOT_CLASS = YES_ERROR;
				CLANG_WARN_QUOTED_INCLUDE_IN_FRAMEWORK_HEADER = YES;
				CLANG_WARN_RANGE_LOOP_ANALYSIS = YES;
				CLANG_WARN_STRICT_PROTOTYPES = YES;
				CLANG_WARN_SUSPICIOUS_MOVE = YES;
				CLANG_WARN_UNGUARDED_AVAILABILITY = YES_AGGRESSIVE;
				CLANG_WARN_UNREACHABLE_CODE = YES;
				CLANG_WARN__DUPLICATE_METHOD_MATCH = YES;
				COPY_PHASE_STRIP = NO;
				DEBUG_INFORMATION_FORMAT = dwarf;
				ENABLE_STRICT_OBJC_MSGSEND = YES;
				ENABLE_TESTABILITY = YES;
				GCC_C_LANGUAGE_STANDARD = gnu11;
				GCC_DYNAMIC_NO_PIC = NO;
				GCC_NO_COMMON_BLOCKS = YES;
				GCC_OPTIMIZATION_LEVEL = 0;
				GCC_PREPROCESSOR_DEFINITIONS = (
					"DEBUG=1",
					"$(inherited)",
				);
				GCC_WARN_64_TO_32_BIT_CONVERSION = YES;
				GCC_WARN_ABOUT_RETURN_TYPE = YES_ERROR;
				GCC_WARN_UNDECLARED_SELECTOR = YES;
				GCC_WARN_UNINITIALIZED_AUTOS = YES_AGGRESSIVE;
				GCC_WARN_UNUSED_FUNCTION = YES;
				GCC_WARN_UNUSED_VARIABLE = YES;
				IPHONEOS_DEPLOYMENT_TARGET = 15.4;
				MTL_ENABLE_DEBUG_INFO = INCLUDE_SOURCE;
				MTL_FAST_MATH = YES;
				ONLY_ACTIVE_ARCH = YES;
				SDKROOT = iphoneos;
				SWIFT_ACTIVE_COMPILATION_CONDITIONS = DEBUG;
				SWIFT_OPTIMIZATION_LEVEL = "-Onone";
			};
			name = Debug;
		};
		F832074827F2084B00A230CC /* Release */ = {
			isa = XCBuildConfiguration;
			buildSettings = {
				ALWAYS_SEARCH_USER_PATHS = NO;
				CLANG_ANALYZER_NONNULL = YES;
				CLANG_ANALYZER_NUMBER_OBJECT_CONVERSION = YES_AGGRESSIVE;
				CLANG_CXX_LANGUAGE_STANDARD = "gnu++17";
				CLANG_ENABLE_MODULES = YES;
				CLANG_ENABLE_OBJC_ARC = YES;
				CLANG_ENABLE_OBJC_WEAK = YES;
				CLANG_WARN_BLOCK_CAPTURE_AUTORELEASING = YES;
				CLANG_WARN_BOOL_CONVERSION = YES;
				CLANG_WARN_COMMA = YES;
				CLANG_WARN_CONSTANT_CONVERSION = YES;
				CLANG_WARN_DEPRECATED_OBJC_IMPLEMENTATIONS = YES;
				CLANG_WARN_DIRECT_OBJC_ISA_USAGE = YES_ERROR;
				CLANG_WARN_DOCUMENTATION_COMMENTS = YES;
				CLANG_WARN_EMPTY_BODY = YES;
				CLANG_WARN_ENUM_CONVERSION = YES;
				CLANG_WARN_INFINITE_RECURSION = YES;
				CLANG_WARN_INT_CONVERSION = YES;
				CLANG_WARN_NON_LITERAL_NULL_CONVERSION = YES;
				CLANG_WARN_OBJC_IMPLICIT_RETAIN_SELF = YES;
				CLANG_WARN_OBJC_LITERAL_CONVERSION = YES;
				CLANG_WARN_OBJC_ROOT_CLASS = YES_ERROR;
				CLANG_WARN_QUOTED_INCLUDE_IN_FRAMEWORK_HEADER = YES;
				CLANG_WARN_RANGE_LOOP_ANALYSIS = YES;
				CLANG_WARN_STRICT_PROTOTYPES = YES;
				CLANG_WARN_SUSPICIOUS_MOVE = YES;
				CLANG_WARN_UNGUARDED_AVAILABILITY = YES_AGGRESSIVE;
				CLANG_WARN_UNREACHABLE_CODE = YES;
				CLANG_WARN__DUPLICATE_METHOD_MATCH = YES;
				COPY_PHASE_STRIP = NO;
				DEBUG_INFORMATION_FORMAT = "dwarf-with-dsym";
				ENABLE_NS_ASSERTIONS = NO;
				ENABLE_STRICT_OBJC_MSGSEND = YES;
				GCC_C_LANGUAGE_STANDARD = gnu11;
				GCC_NO_COMMON_BLOCKS = YES;
				GCC_WARN_64_TO_32_BIT_CONVERSION = YES;
				GCC_WARN_ABOUT_RETURN_TYPE = YES_ERROR;
				GCC_WARN_UNDECLARED_SELECTOR = YES;
				GCC_WARN_UNINITIALIZED_AUTOS = YES_AGGRESSIVE;
				GCC_WARN_UNUSED_FUNCTION = YES;
				GCC_WARN_UNUSED_VARIABLE = YES;
				IPHONEOS_DEPLOYMENT_TARGET = 15.4;
				MTL_ENABLE_DEBUG_INFO = NO;
				MTL_FAST_MATH = YES;
				SDKROOT = iphoneos;
				SWIFT_COMPILATION_MODE = wholemodule;
				SWIFT_OPTIMIZATION_LEVEL = "-O";
				VALIDATE_PRODUCT = YES;
			};
			name = Release;
		};
		F832074A27F2084B00A230CC /* Debug */ = {
			isa = XCBuildConfiguration;
			buildSettings = {
				ASSETCATALOG_COMPILER_APPICON_NAME = AppIcon;
				ASSETCATALOG_COMPILER_GLOBAL_ACCENT_COLOR_NAME = AccentColor;
				CODE_SIGN_STYLE = Automatic;
				CURRENT_PROJECT_VERSION = 3;
				DEVELOPMENT_TEAM = 37H8X6K6NN;
				GENERATE_INFOPLIST_FILE = YES;
				INFOPLIST_FILE = MedicationManager/Resources/Info.plist;
				INFOPLIST_KEY_UIApplicationSupportsIndirectInputEvents = YES;
				INFOPLIST_KEY_UILaunchStoryboardName = LaunchScreen;
				INFOPLIST_KEY_UIMainStoryboardFile = Main;
				INFOPLIST_KEY_UISupportedInterfaceOrientations_iPad = "UIInterfaceOrientationPortrait UIInterfaceOrientationPortraitUpsideDown UIInterfaceOrientationLandscapeLeft UIInterfaceOrientationLandscapeRight";
				INFOPLIST_KEY_UISupportedInterfaceOrientations_iPhone = "UIInterfaceOrientationPortrait UIInterfaceOrientationLandscapeLeft UIInterfaceOrientationLandscapeRight";
				LD_RUNPATH_SEARCH_PATHS = (
					"$(inherited)",
					"@executable_path/Frameworks",
				);
				MARKETING_VERSION = 1.0;
				PRODUCT_BUNDLE_IDENTIFIER = com.AvantiApplications.MedicationManager;
				PRODUCT_NAME = "$(TARGET_NAME)";
				SWIFT_EMIT_LOC_STRINGS = YES;
				SWIFT_VERSION = 5.0;
				TARGETED_DEVICE_FAMILY = "1,2";
			};
			name = Debug;
		};
		F832074B27F2084B00A230CC /* Release */ = {
			isa = XCBuildConfiguration;
			buildSettings = {
				ASSETCATALOG_COMPILER_APPICON_NAME = AppIcon;
				ASSETCATALOG_COMPILER_GLOBAL_ACCENT_COLOR_NAME = AccentColor;
				CODE_SIGN_STYLE = Automatic;
				CURRENT_PROJECT_VERSION = 3;
				DEVELOPMENT_TEAM = 37H8X6K6NN;
				GENERATE_INFOPLIST_FILE = YES;
				INFOPLIST_FILE = MedicationManager/Resources/Info.plist;
				INFOPLIST_KEY_UIApplicationSupportsIndirectInputEvents = YES;
				INFOPLIST_KEY_UILaunchStoryboardName = LaunchScreen;
				INFOPLIST_KEY_UIMainStoryboardFile = Main;
				INFOPLIST_KEY_UISupportedInterfaceOrientations_iPad = "UIInterfaceOrientationPortrait UIInterfaceOrientationPortraitUpsideDown UIInterfaceOrientationLandscapeLeft UIInterfaceOrientationLandscapeRight";
				INFOPLIST_KEY_UISupportedInterfaceOrientations_iPhone = "UIInterfaceOrientationPortrait UIInterfaceOrientationLandscapeLeft UIInterfaceOrientationLandscapeRight";
				LD_RUNPATH_SEARCH_PATHS = (
					"$(inherited)",
					"@executable_path/Frameworks",
				);
				MARKETING_VERSION = 1.0;
				PRODUCT_BUNDLE_IDENTIFIER = com.AvantiApplications.MedicationManager;
				PRODUCT_NAME = "$(TARGET_NAME)";
				SWIFT_EMIT_LOC_STRINGS = YES;
				SWIFT_VERSION = 5.0;
				TARGETED_DEVICE_FAMILY = "1,2";
			};
			name = Release;
		};
/* End XCBuildConfiguration section */

/* Begin XCConfigurationList section */
		F832073027F2084A00A230CC /* Build configuration list for PBXProject "MedicationManager" */ = {
			isa = XCConfigurationList;
			buildConfigurations = (
				F832074727F2084B00A230CC /* Debug */,
				F832074827F2084B00A230CC /* Release */,
			);
			defaultConfigurationIsVisible = 0;
			defaultConfigurationName = Release;
		};
		F832074927F2084B00A230CC /* Build configuration list for PBXNativeTarget "MedicationManager" */ = {
			isa = XCConfigurationList;
			buildConfigurations = (
				F832074A27F2084B00A230CC /* Debug */,
				F832074B27F2084B00A230CC /* Release */,
			);
			defaultConfigurationIsVisible = 0;
			defaultConfigurationName = Release;
		};
/* End XCConfigurationList section */

/* Begin XCVersionGroup section */
		F832075E27F22CF000A230CC /* MedicationModel.xcdatamodeld */ = {
			isa = XCVersionGroup;
			children = (
				F832075F27F22CF000A230CC /* MedicationModel.xcdatamodel */,
			);
			currentVersion = F832075F27F22CF000A230CC /* MedicationModel.xcdatamodel */;
			path = MedicationModel.xcdatamodeld;
			sourceTree = "<group>";
			versionGroupType = wrapper.xcdatamodel;
		};
/* End XCVersionGroup section */
	};
	rootObject = F832072D27F2084A00A230CC /* Project object */;
}
